
Microsoft Visual Studio Solution File, Format Version 12.00
# Visual Studio 15
VisualStudioVersion = 15.0.28307.1525
MinimumVisualStudioVersion = 10.0.40219.1
Project("{2150E333-8FDC-42A3-9474-1A3956D46DE8}") = "Solution Items", "Solution Items", "{48135375-7BCB-45F1-9E66-2FF3214EA996}"
	ProjectSection(SolutionItems) = preProject
		.gitignore = .gitignore
	EndProjectSection
EndProject
Project("{FAE04EC0-301F-11D3-BF4B-00C04F79EFBC}") = "StoreFront.Data.EF", "StoreFront.Data.EF\StoreFront.Data.EF.csproj", "{B23CBC9A-C198-4364-9B4A-606D431A83BE}"
EndProject
Project("{FAE04EC0-301F-11D3-BF4B-00C04F79EFBC}") = "StoreFront1", "StoreFront1\StoreFront1.csproj", "{90012FD6-4C42-4769-9A66-0564578D6FCE}"
EndProject
Global
	GlobalSection(SolutionConfigurationPlatforms) = preSolution
		Debug|Any CPU = Debug|Any CPU
		Release|Any CPU = Release|Any CPU
	EndGlobalSection
	GlobalSection(ProjectConfigurationPlatforms) = postSolution
		{B23CBC9A-C198-4364-9B4A-606D431A83BE}.Debug|Any CPU.ActiveCfg = Debug|Any CPU
		{B23CBC9A-C198-4364-9B4A-606D431A83BE}.Debug|Any CPU.Build.0 = Debug|Any CPU
		{B23CBC9A-C198-4364-9B4A-606D431A83BE}.Release|Any CPU.ActiveCfg = Release|Any CPU
		{B23CBC9A-C198-4364-9B4A-606D431A83BE}.Release|Any CPU.Build.0 = Release|Any CPU
		{90012FD6-4C42-4769-9A66-0564578D6FCE}.Debug|Any CPU.ActiveCfg = Debug|Any CPU
		{90012FD6-4C42-4769-9A66-0564578D6FCE}.Debug|Any CPU.Build.0 = Debug|Any CPU
		{90012FD6-4C42-4769-9A66-0564578D6FCE}.Release|Any CPU.ActiveCfg = Release|Any CPU
		{90012FD6-4C42-4769-9A66-0564578D6FCE}.Release|Any CPU.Build.0 = Release|Any CPU
	EndGlobalSection
	GlobalSection(SolutionProperties) = preSolution
		HideSolutionNode = FALSE
	EndGlobalSection
	GlobalSection(ExtensibilityGlobals) = postSolution
		SolutionGuid = {20477271-7CDE-4D0D-8D32-1E5E18949FE6}
	EndGlobalSection
EndGlobal
